
Microsoft Visual Studio Solution File, Format Version 12.00
# Visual Studio Version 16
VisualStudioVersion = 16.0.32126.315
MinimumVisualStudioVersion = 10.0.40219.1
Project("{FAE04EC0-301F-11D3-BF4B-00C04F79EFBC}") = "formappreto01", "formappreto01\formappreto01.csproj", "{2568EBEC-F1D7-4856-9FB4-1CCE88EDC2B7}"
EndProject
Global
	GlobalSection(SolutionConfigurationPlatforms) = preSolution
		Debug|Any CPU = Debug|Any CPU
		Release|Any CPU = Release|Any CPU
	EndGlobalSection
	GlobalSection(ProjectConfigurationPlatforms) = postSolution
		{2568EBEC-F1D7-4856-9FB4-1CCE88EDC2B7}.Debug|Any CPU.ActiveCfg = Debug|Any CPU
		{2568EBEC-F1D7-4856-9FB4-1CCE88EDC2B7}.Debug|Any CPU.Build.0 = Debug|Any CPU
		{2568EBEC-F1D7-4856-9FB4-1CCE88EDC2B7}.Release|Any CPU.ActiveCfg = Release|Any CPU
		{2568EBEC-F1D7-4856-9FB4-1CCE88EDC2B7}.Release|Any CPU.Build.0 = Release|Any CPU
	EndGlobalSection
	GlobalSection(SolutionProperties) = preSolution
		HideSolutionNode = FALSE
	EndGlobalSection
	GlobalSection(ExtensibilityGlobals) = postSolution
		SolutionGuid = {B20052EB-0240-4E6A-A477-275BB0F0DA67}
	EndGlobalSection
EndGlobal
